
Microsoft Visual Studio Solution File, Format Version 12.00
# Visual Studio Version 17
VisualStudioVersion = 17.9.34728.123
MinimumVisualStudioVersion = 10.0.40219.1
Project("{9A19103F-16F7-4668-BE54-9A1E7A4F7556}") = "WeatherAPI.Server", "WeatherAPI\Server\WeatherAPI.Server.csproj", "{32FA52CA-E55A-4C7A-A0F3-B7E206F2959E}"
EndProject
Project("{9A19103F-16F7-4668-BE54-9A1E7A4F7556}") = "WeatherAPI.Client", "WeatherAPI\Client\WeatherAPI.Client.csproj", "{ADF2F87A-073B-4EB6-B85C-137E0B4C1ACA}"
EndProject
Project("{9A19103F-16F7-4668-BE54-9A1E7A4F7556}") = "WeatherAPI.Shared", "WeatherAPI\Shared\WeatherAPI.Shared.csproj", "{5D32EB34-E257-49C0-A5B0-B40EE5E41EFF}"
EndProject
Global
	GlobalSection(SolutionConfigurationPlatforms) = preSolution
		Debug|Any CPU = Debug|Any CPU
		Release|Any CPU = Release|Any CPU
	EndGlobalSection
	GlobalSection(ProjectConfigurationPlatforms) = postSolution
		{32FA52CA-E55A-4C7A-A0F3-B7E206F2959E}.Debug|Any CPU.ActiveCfg = Debug|Any CPU
		{32FA52CA-E55A-4C7A-A0F3-B7E206F2959E}.Debug|Any CPU.Build.0 = Debug|Any CPU
		{32FA52CA-E55A-4C7A-A0F3-B7E206F2959E}.Release|Any CPU.ActiveCfg = Release|Any CPU
		{32FA52CA-E55A-4C7A-A0F3-B7E206F2959E}.Release|Any CPU.Build.0 = Release|Any CPU
		{ADF2F87A-073B-4EB6-B85C-137E0B4C1ACA}.Debug|Any CPU.ActiveCfg = Debug|Any CPU
		{ADF2F87A-073B-4EB6-B85C-137E0B4C1ACA}.Debug|Any CPU.Build.0 = Debug|Any CPU
		{ADF2F87A-073B-4EB6-B85C-137E0B4C1ACA}.Release|Any CPU.ActiveCfg = Release|Any CPU
		{ADF2F87A-073B-4EB6-B85C-137E0B4C1ACA}.Release|Any CPU.Build.0 = Release|Any CPU
		{5D32EB34-E257-49C0-A5B0-B40EE5E41EFF}.Debug|Any CPU.ActiveCfg = Debug|Any CPU
		{5D32EB34-E257-49C0-A5B0-B40EE5E41EFF}.Debug|Any CPU.Build.0 = Debug|Any CPU
		{5D32EB34-E257-49C0-A5B0-B40EE5E41EFF}.Release|Any CPU.ActiveCfg = Release|Any CPU
		{5D32EB34-E257-49C0-A5B0-B40EE5E41EFF}.Release|Any CPU.Build.0 = Release|Any CPU
	EndGlobalSection
	GlobalSection(SolutionProperties) = preSolution
		HideSolutionNode = FALSE
	EndGlobalSection
	GlobalSection(ExtensibilityGlobals) = postSolution
		SolutionGuid = {5F11FCF7-C375-4635-8AD1-8967B4C09E31}
	EndGlobalSection
EndGlobal
